
Microsoft Visual Studio Solution File, Format Version 12.00
# Visual Studio Version 16
VisualStudioVersion = 16.0.31729.503
MinimumVisualStudioVersion = 10.0.40219.1
Project("{FAE04EC0-301F-11D3-BF4B-00C04F79EFBC}") = "InventoryDataManagement", "InventoryDataManagement\InventoryDataManagement.csproj", "{7D420120-8844-4A51-90A6-B2FB4F551A25}"
EndProject
Global
	GlobalSection(SolutionConfigurationPlatforms) = preSolution
		Debug|Any CPU = Debug|Any CPU
		Release|Any CPU = Release|Any CPU
	EndGlobalSection
	GlobalSection(ProjectConfigurationPlatforms) = postSolution
		{7D420120-8844-4A51-90A6-B2FB4F551A25}.Debug|Any CPU.ActiveCfg = Debug|Any CPU
		{7D420120-8844-4A51-90A6-B2FB4F551A25}.Debug|Any CPU.Build.0 = Debug|Any CPU
		{7D420120-8844-4A51-90A6-B2FB4F551A25}.Release|Any CPU.ActiveCfg = Release|Any CPU
		{7D420120-8844-4A51-90A6-B2FB4F551A25}.Release|Any CPU.Build.0 = Release|Any CPU
	EndGlobalSection
	GlobalSection(SolutionProperties) = preSolution
		HideSolutionNode = FALSE
	EndGlobalSection
	GlobalSection(ExtensibilityGlobals) = postSolution
		SolutionGuid = {C7B16A6B-0B65-449E-B0F2-B82F03C3CD87}
	EndGlobalSection
EndGlobal
